
Microsoft Visual Studio Solution File, Format Version 12.00
# Visual Studio Version 16
VisualStudioVersion = 16.0.29102.190
MinimumVisualStudioVersion = 10.0.40219.1
Project("{FAE04EC0-301F-11D3-BF4B-00C04F79EFBC}") = "Citizen4g", "Citizen4g\Citizen4g.csproj", "{32145BD6-9B2F-4813-A687-001F21541CCC}"
EndProject
Global
	GlobalSection(SolutionConfigurationPlatforms) = preSolution
		Debug|Any CPU = Debug|Any CPU
		Release|Any CPU = Release|Any CPU
	EndGlobalSection
	GlobalSection(ProjectConfigurationPlatforms) = postSolution
		{32145BD6-9B2F-4813-A687-001F21541CCC}.Debug|Any CPU.ActiveCfg = Debug|Any CPU
		{32145BD6-9B2F-4813-A687-001F21541CCC}.Debug|Any CPU.Build.0 = Debug|Any CPU
		{32145BD6-9B2F-4813-A687-001F21541CCC}.Release|Any CPU.ActiveCfg = Release|Any CPU
		{32145BD6-9B2F-4813-A687-001F21541CCC}.Release|Any CPU.Build.0 = Release|Any CPU
	EndGlobalSection
	GlobalSection(SolutionProperties) = preSolution
		HideSolutionNode = FALSE
	EndGlobalSection
	GlobalSection(ExtensibilityGlobals) = postSolution
		SolutionGuid = {242FE914-00C4-475E-8F79-475764E89FFF}
	EndGlobalSection
EndGlobal
